// !$*UTF8*$!
{
	archiveVersion = 1;
	classes = {
	};
	objectVersion = 56;
	objects = {

/* Begin PBXBuildFile section */
		897A9279290FEA6E00876B58 /* AppDelegate.swift in Sources */ = {isa = PBXBuildFile; fileRef = 897A9278290FEA6E00876B58 /* AppDelegate.swift */; };
		897A927B290FEA6E00876B58 /* SceneDelegate.swift in Sources */ = {isa = PBXBuildFile; fileRef = 897A927A290FEA6E00876B58 /* SceneDelegate.swift */; };
		897A927D290FEA6E00876B58 /* SettingsViewController.swift in Sources */ = {isa = PBXBuildFile; fileRef = 897A927C290FEA6E00876B58 /* SettingsViewController.swift */; };
		897A9280290FEA6E00876B58 /* Main.storyboard in Resources */ = {isa = PBXBuildFile; fileRef = 897A927E290FEA6E00876B58 /* Main.storyboard */; };
		897A9282290FEA6E00876B58 /* Assets.xcassets in Resources */ = {isa = PBXBuildFile; fileRef = 897A9281290FEA6E00876B58 /* Assets.xcassets */; };
		897A9285290FEA6E00876B58 /* LaunchScreen.storyboard in Resources */ = {isa = PBXBuildFile; fileRef = 897A9283290FEA6E00876B58 /* LaunchScreen.storyboard */; };
		89F33FDE2923E8EE00E50F26 /* MainScreenViewController.swift in Sources */ = {isa = PBXBuildFile; fileRef = 89F33FDD2923E8EE00E50F26 /* MainScreenViewController.swift */; };
/* End PBXBuildFile section */

/* Begin PBXFileReference section */
		897A9275290FEA6E00876B58 /* ColorizedAppByMe.app */ = {isa = PBXFileReference; explicitFileType = wrapper.application; includeInIndex = 0; path = ColorizedAppByMe.app; sourceTree = BUILT_PRODUCTS_DIR; };
		897A9278290FEA6E00876B58 /* AppDelegate.swift */ = {isa = PBXFileReference; lastKnownFileType = sourcecode.swift; path = AppDelegate.swift; sourceTree = "<group>"; };
		897A927A290FEA6E00876B58 /* SceneDelegate.swift */ = {isa = PBXFileReference; lastKnownFileType = sourcecode.swift; path = SceneDelegate.swift; sourceTree = "<group>"; };
		897A927C290FEA6E00876B58 /* SettingsViewController.swift */ = {isa = PBXFileReference; lastKnownFileType = sourcecode.swift; path = SettingsViewController.swift; sourceTree = "<group>"; };
		897A927F290FEA6E00876B58 /* Base */ = {isa = PBXFileReference; lastKnownFileType = file.storyboard; name = Base; path = Base.lproj/Main.storyboard; sourceTree = "<group>"; };
		897A9281290FEA6E00876B58 /* Assets.xcassets */ = {isa = PBXFileReference; lastKnownFileType = folder.assetcatalog; path = Assets.xcassets; sourceTree = "<group>"; };
		897A9284290FEA6E00876B58 /* Base */ = {isa = PBXFileReference; lastKnownFileType = file.storyboard; name = Base; path = Base.lproj/LaunchScreen.storyboard; sourceTree = "<group>"; };
		897A9286290FEA6E00876B58 /* Info.plist */ = {isa = PBXFileReference; lastKnownFileType = text.plist.xml; path = Info.plist; sourceTree = "<group>"; };
		89F33FDD2923E8EE00E50F26 /* MainScreenViewController.swift */ = {isa = PBXFileReference; lastKnownFileType = sourcecode.swift; path = MainScreenViewController.swift; sourceTree = "<group>"; };
/* End PBXFileReference section */

/* Begin PBXFrameworksBuildPhase section */
		897A9272290FEA6E00876B58 /* Frameworks */ = {
			isa = PBXFrameworksBuildPhase;
			buildActionMask = 2147483647;
			files = (
			);
			runOnlyForDeploymentPostprocessing = 0;
		};
/* End PBXFrameworksBuildPhase section */

/* Begin PBXGroup section */
		897A926C290FEA6E00876B58 = {
			isa = PBXGroup;
			children = (
				897A9277290FEA6E00876B58 /* ColorizedAppByMe */,
				897A9276290FEA6E00876B58 /* Products */,
			);
			sourceTree = "<group>";
		};
		897A9276290FEA6E00876B58 /* Products */ = {
			isa = PBXGroup;
			children = (
				897A9275290FEA6E00876B58 /* ColorizedAppByMe.app */,
			);
			name = Products;
			sourceTree = "<group>";
		};
		897A9277290FEA6E00876B58 /* ColorizedAppByMe */ = {
			isa = PBXGroup;
			children = (
				89F33FDC2923E70100E50F26 /* App */,
				89F33FDB2923E6E000E50F26 /* ViewControllers */,
				89F33FDA2923E6CE00E50F26 /* Storyboards */,
				897A9281290FEA6E00876B58 /* Assets.xcassets */,
			);
			path = ColorizedAppByMe;
			sourceTree = "<group>";
		};
		89F33FDA2923E6CE00E50F26 /* Storyboards */ = {
			isa = PBXGroup;
			children = (
				897A927E290FEA6E00876B58 /* Main.storyboard */,
				897A9283290FEA6E00876B58 /* LaunchScreen.storyboard */,
			);
			path = Storyboards;
			sourceTree = "<group>";
		};
		89F33FDB2923E6E000E50F26 /* ViewControllers */ = {
			isa = PBXGroup;
			children = (
				897A927C290FEA6E00876B58 /* SettingsViewController.swift */,
				89F33FDD2923E8EE00E50F26 /* MainScreenViewController.swift */,
			);
			path = ViewControllers;
			sourceTree = "<group>";
		};
		89F33FDC2923E70100E50F26 /* App */ = {
			isa = PBXGroup;
			children = (
				897A9278290FEA6E00876B58 /* AppDelegate.swift */,
				897A927A290FEA6E00876B58 /* SceneDelegate.swift */,
				897A9286290FEA6E00876B58 /* Info.plist */,
			);
			path = App;
			sourceTree = "<group>";
		};
/* End PBXGroup section */

/* Begin PBXNativeTarget section */
		897A9274290FEA6E00876B58 /* ColorizedAppByMe */ = {
			isa = PBXNativeTarget;
			buildConfigurationList = 897A9289290FEA6E00876B58 /* Build configuration list for PBXNativeTarget "ColorizedAppByMe" */;
			buildPhases = (
				897A9271290FEA6E00876B58 /* Sources */,
				897A9272290FEA6E00876B58 /* Frameworks */,
				897A9273290FEA6E00876B58 /* Resources */,
			);
			buildRules = (
			);
			dependencies = (
			);
			name = ColorizedAppByMe;
			productName = ColorizedAppByMe;
			productReference = 897A9275290FEA6E00876B58 /* ColorizedAppByMe.app */;
			productType = "com.apple.product-type.application";
		};
/* End PBXNativeTarget section */

/* Begin PBXProject section */
		897A926D290FEA6E00876B58 /* Project object */ = {
			isa = PBXProject;
			attributes = {
				BuildIndependentTargetsInParallel = 1;
				LastSwiftUpdateCheck = 1400;
				LastUpgradeCheck = 1400;
				TargetAttributes = {
					897A9274290FEA6E00876B58 = {
						CreatedOnToolsVersion = 14.0.1;
					};
				};
			};
			buildConfigurationList = 897A9270290FEA6E00876B58 /* Build configuration list for PBXProject "ColorizedAppByMe" */;
			compatibilityVersion = "Xcode 14.0";
			developmentRegion = en;
			hasScannedForEncodings = 0;
			knownRegions = (
				en,
				Base,
			);
			mainGroup = 897A926C290FEA6E00876B58;
			productRefGroup = 897A9276290FEA6E00876B58 /* Products */;
			projectDirPath = "";
			projectRoot = "";
			targets = (
				897A9274290FEA6E00876B58 /* ColorizedAppByMe */,
			);
		};
/* End PBXProject section */

/* Begin PBXResourcesBuildPhase section */
		897A9273290FEA6E00876B58 /* Resources */ = {
			isa = PBXResourcesBuildPhase;
			buildActionMask = 2147483647;
			files = (
				897A9285290FEA6E00876B58 /* LaunchScreen.storyboard in Resources */,
				897A9282290FEA6E00876B58 /* Assets.xcassets in Resources */,
				897A9280290FEA6E00876B58 /* Main.storyboard in Resources */,
			);
			runOnlyForDeploymentPostprocessing = 0;
		};
/* End PBXResourcesBuildPhase section */

/* Begin PBXSourcesBuildPhase section */
		897A9271290FEA6E00876B58 /* Sources */ = {
			isa = PBXSourcesBuildPhase;
			buildActionMask = 2147483647;
			files = (
				897A927D290FEA6E00876B58 /* SettingsViewController.swift in Sources */,
				89F33FDE2923E8EE00E50F26 /* MainScreenViewController.swift in Sources */,
				897A9279290FEA6E00876B58 /* AppDelegate.swift in Sources */,
				897A927B290FEA6E00876B58 /* SceneDelegate.swift in Sources */,
			);
			runOnlyForDeploymentPostprocessing = 0;
		};
/* End PBXSourcesBuildPhase section */

/* Begin PBXVariantGroup section */
		897A927E290FEA6E00876B58 /* Main.storyboard */ = {
			isa = PBXVariantGroup;
			children = (
				897A927F290FEA6E00876B58 /* Base */,
			);
			name = Main.storyboard;
			sourceTree = "<group>";
		};
		897A9283290FEA6E00876B58 /* LaunchScreen.storyboard */ = {
			isa = PBXVariantGroup;
			children = (
				897A9284290FEA6E00876B58 /* Base */,
			);
			name = LaunchScreen.storyboard;
			sourceTree = "<group>";
		};
/* End PBXVariantGroup section */

/* Begin XCBuildConfiguration section */
		897A9287290FEA6E00876B58 /* Debug */ = {
			isa = XCBuildConfiguration;
			buildSettings = {
				ALWAYS_SEARCH_USER_PATHS = NO;
				CLANG_ANALYZER_NONNULL = YES;
				CLANG_ANALYZER_NUMBER_OBJECT_CONVERSION = YES_AGGRESSIVE;
				CLANG_CXX_LANGUAGE_STANDARD = "gnu++20";
				CLANG_ENABLE_MODULES = YES;
				CLANG_ENABLE_OBJC_ARC = YES;
				CLANG_ENABLE_OBJC_WEAK = YES;
				CLANG_WARN_BLOCK_CAPTURE_AUTORELEASING = YES;
				CLANG_WARN_BOOL_CONVERSION = YES;
				CLANG_WARN_COMMA = YES;
				CLANG_WARN_CONSTANT_CONVERSION = YES;
				CLANG_WARN_DEPRECATED_OBJC_IMPLEMENTATIONS = YES;
				CLANG_WARN_DIRECT_OBJC_ISA_USAGE = YES_ERROR;
				CLANG_WARN_DOCUMENTATION_COMMENTS = YES;
				CLANG_WARN_EMPTY_BODY = YES;
				CLANG_WARN_ENUM_CONVERSION = YES;
				CLANG_WARN_INFINITE_RECURSION = YES;
				CLANG_WARN_INT_CONVERSION = YES;
				CLANG_WARN_NON_LITERAL_NULL_CONVERSION = YES;
				CLANG_WARN_OBJC_IMPLICIT_RETAIN_SELF = YES;
				CLANG_WARN_OBJC_LITERAL_CONVERSION = YES;
				CLANG_WARN_OBJC_ROOT_CLASS = YES_ERROR;
				CLANG_WARN_QUOTED_INCLUDE_IN_FRAMEWORK_HEADER = YES;
				CLANG_WARN_RANGE_LOOP_ANALYSIS = YES;
				CLANG_WARN_STRICT_PROTOTYPES = YES;
				CLANG_WARN_SUSPICIOUS_MOVE = YES;
				CLANG_WARN_UNGUARDED_AVAILABILITY = YES_AGGRESSIVE;
				CLANG_WARN_UNREACHABLE_CODE = YES;
				CLANG_WARN__DUPLICATE_METHOD_MATCH = YES;
				COPY_PHASE_STRIP = NO;
				DEBUG_INFORMATION_FORMAT = dwarf;
				ENABLE_STRICT_OBJC_MSGSEND = YES;
				ENABLE_TESTABILITY = YES;
				GCC_C_LANGUAGE_STANDARD = gnu11;
				GCC_DYNAMIC_NO_PIC = NO;
				GCC_NO_COMMON_BLOCKS = YES;
				GCC_OPTIMIZATION_LEVEL = 0;
				GCC_PREPROCESSOR_DEFINITIONS = (
					"DEBUG=1",
					"$(inherited)",
				);
				GCC_WARN_64_TO_32_BIT_CONVERSION = YES;
				GCC_WARN_ABOUT_RETURN_TYPE = YES_ERROR;
				GCC_WARN_UNDECLARED_SELECTOR = YES;
				GCC_WARN_UNINITIALIZED_AUTOS = YES_AGGRESSIVE;
				GCC_WARN_UNUSED_FUNCTION = YES;
				GCC_WARN_UNUSED_VARIABLE = YES;
				IPHONEOS_DEPLOYMENT_TARGET = 16.0;
				MTL_ENABLE_DEBUG_INFO = INCLUDE_SOURCE;
				MTL_FAST_MATH = YES;
				ONLY_ACTIVE_ARCH = YES;
				SDKROOT = iphoneos;
				SWIFT_ACTIVE_COMPILATION_CONDITIONS = DEBUG;
				SWIFT_OPTIMIZATION_LEVEL = "-Onone";
			};
			name = Debug;
		};
		897A9288290FEA6E00876B58 /* Release */ = {
			isa = XCBuildConfiguration;
			buildSettings = {
				ALWAYS_SEARCH_USER_PATHS = NO;
				CLANG_ANALYZER_NONNULL = YES;
				CLANG_ANALYZER_NUMBER_OBJECT_CONVERSION = YES_AGGRESSIVE;
				CLANG_CXX_LANGUAGE_STANDARD = "gnu++20";
				CLANG_ENABLE_MODULES = YES;
				CLANG_ENABLE_OBJC_ARC = YES;
				CLANG_ENABLE_OBJC_WEAK = YES;
				CLANG_WARN_BLOCK_CAPTURE_AUTORELEASING = YES;
				CLANG_WARN_BOOL_CONVERSION = YES;
				CLANG_WARN_COMMA = YES;
				CLANG_WARN_CONSTANT_CONVERSION = YES;
				CLANG_WARN_DEPRECATED_OBJC_IMPLEMENTATIONS = YES;
				CLANG_WARN_DIRECT_OBJC_ISA_USAGE = YES_ERROR;
				CLANG_WARN_DOCUMENTATION_COMMENTS = YES;
				CLANG_WARN_EMPTY_BODY = YES;
				CLANG_WARN_ENUM_CONVERSION = YES;
				CLANG_WARN_INFINITE_RECURSION = YES;
				CLANG_WARN_INT_CONVERSION = YES;
				CLANG_WARN_NON_LITERAL_NULL_CONVERSION = YES;
				CLANG_WARN_OBJC_IMPLICIT_RETAIN_SELF = YES;
				CLANG_WARN_OBJC_LITERAL_CONVERSION = YES;
				CLANG_WARN_OBJC_ROOT_CLASS = YES_ERROR;
				CLANG_WARN_QUOTED_INCLUDE_IN_FRAMEWORK_HEADER = YES;
				CLANG_WARN_RANGE_LOOP_ANALYSIS = YES;
				CLANG_WARN_STRICT_PROTOTYPES = YES;
				CLANG_WARN_SUSPICIOUS_MOVE = YES;
				CLANG_WARN_UNGUARDED_AVAILABILITY = YES_AGGRESSIVE;
				CLANG_WARN_UNREACHABLE_CODE = YES;
				CLANG_WARN__DUPLICATE_METHOD_MATCH = YES;
				COPY_PHASE_STRIP = NO;
				DEBUG_INFORMATION_FORMAT = "dwarf-with-dsym";
				ENABLE_NS_ASSERTIONS = NO;
				ENABLE_STRICT_OBJC_MSGSEND = YES;
				GCC_C_LANGUAGE_STANDARD = gnu11;
				GCC_NO_COMMON_BLOCKS = YES;
				GCC_WARN_64_TO_32_BIT_CONVERSION = YES;
				GCC_WARN_ABOUT_RETURN_TYPE = YES_ERROR;
				GCC_WARN_UNDECLARED_SELECTOR = YES;
				GCC_WARN_UNINITIALIZED_AUTOS = YES_AGGRESSIVE;
				GCC_WARN_UNUSED_FUNCTION = YES;
				GCC_WARN_UNUSED_VARIABLE = YES;
				IPHONEOS_DEPLOYMENT_TARGET = 16.0;
				MTL_ENABLE_DEBUG_INFO = NO;
				MTL_FAST_MATH = YES;
				SDKROOT = iphoneos;
				SWIFT_COMPILATION_MODE = wholemodule;
				SWIFT_OPTIMIZATION_LEVEL = "-O";
				VALIDATE_PRODUCT = YES;
			};
			name = Release;
		};
		897A928A290FEA6E00876B58 /* Debug */ = {
			isa = XCBuildConfiguration;
			buildSettings = {
				ASSETCATALOG_COMPILER_APPICON_NAME = AppIcon;
				ASSETCATALOG_COMPILER_GLOBAL_ACCENT_COLOR_NAME = AccentColor;
				CODE_SIGN_STYLE = Automatic;
				CURRENT_PROJECT_VERSION = 1;
				DEVELOPMENT_TEAM = Q3MFB2HYJJ;
				GENERATE_INFOPLIST_FILE = YES;
				INFOPLIST_FILE = ColorizedAppByMe/App/Info.plist;
				INFOPLIST_KEY_UIApplicationSupportsIndirectInputEvents = YES;
				INFOPLIST_KEY_UILaunchStoryboardName = LaunchScreen;
				INFOPLIST_KEY_UIMainStoryboardFile = Main;
				INFOPLIST_KEY_UISupportedInterfaceOrientations = UIInterfaceOrientationPortrait;
				INFOPLIST_KEY_UISupportedInterfaceOrientations_iPad = "UIInterfaceOrientationLandscapeLeft UIInterfaceOrientationLandscapeRight UIInterfaceOrientationPortrait UIInterfaceOrientationPortraitUpsideDown";
				LD_RUNPATH_SEARCH_PATHS = (
					"$(inherited)",
					"@executable_path/Frameworks",
				);
				MARKETING_VERSION = 1.0;
				PRODUCT_BUNDLE_IDENTIFIER = grizzlyq.ColorizedAppByMe;
				PRODUCT_NAME = "$(TARGET_NAME)";
				SUPPORTED_PLATFORMS = "iphoneos iphonesimulator";
				SUPPORTS_MACCATALYST = NO;
				SUPPORTS_MAC_DESIGNED_FOR_IPHONE_IPAD = NO;
				SWIFT_EMIT_LOC_STRINGS = YES;
				SWIFT_VERSION = 5.0;
				TARGETED_DEVICE_FAMILY = 1;
			};
			name = Debug;
		};
		897A928B290FEA6E00876B58 /* Release */ = {
			isa = XCBuildConfiguration;
			buildSettings = {
				ASSETCATALOG_COMPILER_APPICON_NAME = AppIcon;
				ASSETCATALOG_COMPILER_GLOBAL_ACCENT_COLOR_NAME = AccentColor;
				CODE_SIGN_STYLE = Automatic;
				CURRENT_PROJECT_VERSION = 1;
				DEVELOPMENT_TEAM = Q3MFB2HYJJ;
				GENERATE_INFOPLIST_FILE = YES;
				INFOPLIST_FILE = ColorizedAppByMe/App/Info.plist;
				INFOPLIST_KEY_UIApplicationSupportsIndirectInputEvents = YES;
				INFOPLIST_KEY_UILaunchStoryboardName = LaunchScreen;
				INFOPLIST_KEY_UIMainStoryboardFile = Main;
				INFOPLIST_KEY_UISupportedInterfaceOrientations = UIInterfaceOrientationPortrait;
				INFOPLIST_KEY_UISupportedInterfaceOrientations_iPad = "UIInterfaceOrientationLandscapeLeft UIInterfaceOrientationLandscapeRight UIInterfaceOrientationPortrait UIInterfaceOrientationPortraitUpsideDown";
				LD_RUNPATH_SEARCH_PATHS = (
					"$(inherited)",
					"@executable_path/Frameworks",
				);
				MARKETING_VERSION = 1.0;
				PRODUCT_BUNDLE_IDENTIFIER = grizzlyq.ColorizedAppByMe;
				PRODUCT_NAME = "$(TARGET_NAME)";
				SUPPORTED_PLATFORMS = "iphoneos iphonesimulator";
				SUPPORTS_MACCATALYST = NO;
				SUPPORTS_MAC_DESIGNED_FOR_IPHONE_IPAD = NO;
				SWIFT_EMIT_LOC_STRINGS = YES;
				SWIFT_VERSION = 5.0;
				TARGETED_DEVICE_FAMILY = 1;
			};
			name = Release;
		};
/* End XCBuildConfiguration section */

/* Begin XCConfigurationList section */
		897A9270290FEA6E00876B58 /* Build configuration list for PBXProject "ColorizedAppByMe" */ = {
			isa = XCConfigurationList;
			buildConfigurations = (
				897A9287290FEA6E00876B58 /* Debug */,
				897A9288290FEA6E00876B58 /* Release */,
			);
			defaultConfigurationIsVisible = 0;
			defaultConfigurationName = Release;
		};
		897A9289290FEA6E00876B58 /* Build configuration list for PBXNativeTarget "ColorizedAppByMe" */ = {
			isa = XCConfigurationList;
			buildConfigurations = (
				897A928A290FEA6E00876B58 /* Debug */,
				897A928B290FEA6E00876B58 /* Release */,
			);
			defaultConfigurationIsVisible = 0;
			defaultConfigurationName = Release;
		};
/* End XCConfigurationList section */
	};
	rootObject = 897A926D290FEA6E00876B58 /* Project object */;
}
